
Microsoft Visual Studio Solution File, Format Version 12.00
# Visual Studio Version 17
VisualStudioVersion = 17.10.35004.147
MinimumVisualStudioVersion = 10.0.40219.1
Project("{FAE04EC0-301F-11D3-BF4B-00C04F79EFBC}") = "XerifeTv.CMS", "XerifeTv.CMS\XerifeTv.CMS.csproj", "{7A162152-7B09-4CF3-8331-3E3951E288A8}"
EndProject
Global
	GlobalSection(SolutionConfigurationPlatforms) = preSolution
		Debug|Any CPU = Debug|Any CPU
		Release|Any CPU = Release|Any CPU
	EndGlobalSection
	GlobalSection(ProjectConfigurationPlatforms) = postSolution
		{7A162152-7B09-4CF3-8331-3E3951E288A8}.Debug|Any CPU.ActiveCfg = Debug|Any CPU
		{7A162152-7B09-4CF3-8331-3E3951E288A8}.Debug|Any CPU.Build.0 = Debug|Any CPU
		{7A162152-7B09-4CF3-8331-3E3951E288A8}.Release|Any CPU.ActiveCfg = Release|Any CPU
		{7A162152-7B09-4CF3-8331-3E3951E288A8}.Release|Any CPU.Build.0 = Release|Any CPU
	EndGlobalSection
	GlobalSection(SolutionProperties) = preSolution
		HideSolutionNode = FALSE
	EndGlobalSection
	GlobalSection(ExtensibilityGlobals) = postSolution
		SolutionGuid = {AB7F6C7C-E109-4153-B573-84DB4F442860}
	EndGlobalSection
EndGlobal
